{
  "requires": true,
  "lockfileVersion": 1,
  "dependencies": {
    "@sweetalert2/theme-wordpress-admin": {
      "version": "5.0.0",
      "resolved": "https://registry.npmjs.org/@sweetalert2/theme-wordpress-admin/-/theme-wordpress-admin-5.0.0.tgz",
      "integrity": "sha512-ZBZBRWQNGMJWgAryiAIWhxPXIotNyRSd6mN91qqxfiimWQvtwETL7f1RMthIMjmW5qocYLBLNwqZj3nNQcH/DA=="
    },
    "@types/d3-geo": {
      "version": "2.0.0",
      "resolved": "https://registry.npmjs.org/@types/d3-geo/-/d3-geo-2.0.0.tgz",
      "integrity": "sha512-DHHgYXW36lnAEQMYU2udKVOxxljHrn2EdOINeSC9jWCAXwOnGn7A19B8sNsHqgpu4F7O2bSD7//cqBXD3W0Deg==",
      "requires": {
        "@types/geojson": "*"
      }
    },
    "@types/d3-scale-chromatic": {
      "version": "2.0.0",
      "resolved": "https://registry.npmjs.org/@types/d3-scale-chromatic/-/d3-scale-chromatic-2.0.0.tgz",
      "integrity": "sha512-Y62+2clOwZoKua84Ha0xU77w7lePiaBoTjXugT4l8Rd5LAk+Mn/ZDtrgs087a+B5uJ3jYUHHtKw5nuEzp0WBHw=="
    },
    "@types/geojson": {
      "version": "7946.0.7",
      "resolved": "https://registry.npmjs.org/@types/geojson/-/geojson-7946.0.7.tgz",
      "integrity": "sha512-wE2v81i4C4Ol09RtsWFAqg3BUitWbHSpSlIo+bNdsCJijO9sjme+zm+73ZMCa/qMC8UEERxzGbvmr1cffo2SiQ=="
    },
    "@types/topojson-client": {
      "version": "3.1.0",
      "resolved": "https://registry.npmjs.org/@types/topojson-client/-/topojson-client-3.1.0.tgz",
      "integrity": "sha512-wmjTmMkF6k6m3Tn4mIyRjw8KUQZLHB1TxNcpGYirvV/aCINkC0eMJsUO/OPMkKIB6VO5iA6Vp39bmAq6QgvSfA==",
      "requires": {
        "@types/geojson": "*",
        "@types/topojson-specification": "*"
      }
    },
    "@types/topojson-specification": {
      "version": "1.0.1",
      "resolved": "https://registry.npmjs.org/@types/topojson-specification/-/topojson-specification-1.0.1.tgz",
      "integrity": "sha512-ZZYZUgkmUls9Uhxx2WZNt9f/h2+H3abUUjOVmq+AaaDFckC5oAwd+MDp95kBirk+XCXrYj0hfpI6DSUiJMrpYQ==",
      "requires": {
        "@types/geojson": "*"
      }
    },
    "chart.js": {
      "version": "3.3.2",
      "resolved": "https://registry.npmjs.org/chart.js/-/chart.js-3.3.2.tgz",
      "integrity": "sha512-H0hSO7xqTIrwxoACqnSoNromEMfXvfuVnrbuSt2TuXfBDDofbnto4zuZlRtRvC73/b37q3wGAWZyUU41QPvNbA=="
    },
    "chartjs-adapter-moment": {
      "version": "1.0.0",
      "resolved": "https://registry.npmjs.org/chartjs-adapter-moment/-/chartjs-adapter-moment-1.0.0.tgz",
      "integrity": "sha512-PqlerEvQcc5hZLQ/NQWgBxgVQ4TRdvkW3c/t+SUEQSj78ia3hgLkf2VZ2yGJtltNbEEFyYGm+cA6XXevodYvWA=="
    },
    "chartjs-chart-geo": {
      "version": "3.1.0",
      "resolved": "https://registry.npmjs.org/chartjs-chart-geo/-/chartjs-chart-geo-3.1.0.tgz",
      "integrity": "sha512-WJYCfWtTaTXK2RR7Grr1i3slsOGlY1hYKadVKTrN7tG3R8KbhVA0uYyYjnH4SRYXvtwqe0RcqanBs14R6s4RGg==",
      "requires": {
        "@types/d3-geo": "^2.0.0",
        "@types/d3-scale-chromatic": "^2.0.0",
        "@types/topojson-client": "^3.1.0",
        "d3-array": "^2.12.0",
        "d3-geo": "^2.0.1",
        "d3-scale-chromatic": "^2.0.0",
        "topojson-client": "^3.1.0"
      }
    },
    "commander": {
      "version": "2.20.3",
      "resolved": "https://registry.npmjs.org/commander/-/commander-2.20.3.tgz",
      "integrity": "sha512-GpVkmM8vF2vQUkj2LvZmD35JxeJOLCwJ9cUkugyk2nuhbv3+mJvpLYYt+0+USMxE+oj+ey/lJEnhZw75x/OMcQ=="
    },
    "d3-array": {
      "version": "2.12.1",
      "resolved": "https://registry.npmjs.org/d3-array/-/d3-array-2.12.1.tgz",
      "integrity": "sha512-B0ErZK/66mHtEsR1TkPEEkwdy+WDesimkM5gpZr5Dsg54BiTA5RXtYW5qTLIAcekaS9xfZrzBLF/OAkB3Qn1YQ==",
      "requires": {
        "internmap": "^1.0.0"
      }
    },
    "d3-color": {
      "version": "2.0.0",
      "resolved": "https://registry.npmjs.org/d3-color/-/d3-color-2.0.0.tgz",
      "integrity": "sha512-SPXi0TSKPD4g9tw0NMZFnR95XVgUZiBH+uUTqQuDu1OsE2zomHU7ho0FISciaPvosimixwHFl3WHLGabv6dDgQ=="
    },
    "d3-geo": {
      "version": "2.0.2",
      "resolved": "https://registry.npmjs.org/d3-geo/-/d3-geo-2.0.2.tgz",
      "integrity": "sha512-8pM1WGMLGFuhq9S+FpPURxic+gKzjluCD/CHTuUF3mXMeiCo0i6R0tO1s4+GArRFde96SLcW/kOFRjoAosPsFA==",
      "requires": {
        "d3-array": "^2.5.0"
      }
    },
    "d3-interpolate": {
      "version": "2.0.1",
      "resolved": "https://registry.npmjs.org/d3-interpolate/-/d3-interpolate-2.0.1.tgz",
      "integrity": "sha512-c5UhwwTs/yybcmTpAVqwSFl6vrQ8JZJoT5F7xNFK9pymv5C0Ymcc9/LIJHtYIggg/yS9YHw8i8O8tgb9pupjeQ==",
      "requires": {
        "d3-color": "1 - 2"
      }
    },
    "d3-scale-chromatic": {
      "version": "2.0.0",
      "resolved": "https://registry.npmjs.org/d3-scale-chromatic/-/d3-scale-chromatic-2.0.0.tgz",
      "integrity": "sha512-LLqy7dJSL8yDy7NRmf6xSlsFZ6zYvJ4BcWFE4zBrOPnQERv9zj24ohnXKRbyi9YHnYV+HN1oEO3iFK971/gkzA==",
      "requires": {
        "d3-color": "1 - 2",
        "d3-interpolate": "1 - 2"
      }
    },
    "gemini-datepicker": {
      "version": "1.0.16",
      "resolved": "https://registry.npmjs.org/gemini-datepicker/-/gemini-datepicker-1.0.16.tgz",
      "integrity": "sha1-hUb0odal6PKHRlnCpPGKrKRA7nk=",
      "requires": {
        "jquery": ">= 1.9.1"
      }
    },
    "internmap": {
      "version": "1.0.1",
      "resolved": "https://registry.npmjs.org/internmap/-/internmap-1.0.1.tgz",
      "integrity": "sha512-lDB5YccMydFBtasVtxnZ3MRBHuaoE8GKsppq+EchKL2U4nK/DmEpPHNH8MZe5HkMtpSiTSOZwfN0tzYjO/lJEw=="
    },
    "jquery": {
      "version": "3.6.0",
      "resolved": "https://registry.npmjs.org/jquery/-/jquery-3.6.0.tgz",
      "integrity": "sha512-JVzAR/AjBvVt2BmYhxRCSYysDsPcssdmTFnzyLEts9qNwmjmu4JTAMYubEfwVOSwpQ1I1sKKFcxhZCI2buerfw=="
    },
    "jquery-validation": {
      "version": "1.19.3",
      "resolved": "https://registry.npmjs.org/jquery-validation/-/jquery-validation-1.19.3.tgz",
      "integrity": "sha512-iXxCS5W7STthSTMFX/NDZfWHBLbJ1behVK3eAgHXAV8/0vRa9M4tiqHvJMr39VGWHMGdlkhrtrkBuaL2UlE8yw=="
    },
    "leaflet": {
      "version": "1.7.1",
      "resolved": "https://registry.npmjs.org/leaflet/-/leaflet-1.7.1.tgz",
      "integrity": "sha512-/xwPEBidtg69Q3HlqPdU3DnrXQOvQU/CCHA1tcDQVzOwm91YMYaILjNp7L4Eaw5Z4sOYdbBz6koWyibppd8Zqw=="
    },
    "leaflet-geosearch": {
      "version": "3.3.2",
      "resolved": "https://registry.npmjs.org/leaflet-geosearch/-/leaflet-geosearch-3.3.2.tgz",
      "integrity": "sha512-Kb3NCiG0xWxadRJ0FyNOhFlpN0VT33l1zSpBfWPob6fUfN9bCg6d3XyWTa6KBIQrVRjg30Sp0Cnn+jJWRiFPDA==",
      "requires": {
        "leaflet": "^1.6.0"
      }
    },
    "leaflet.markercluster": {
      "version": "1.5.0",
      "resolved": "https://registry.npmjs.org/leaflet.markercluster/-/leaflet.markercluster-1.5.0.tgz",
      "integrity": "sha512-Fvf/cq4o806mJL50n+fZW9+QALDDLPvt7vuAjlD2vfnxx3srMDs2vWINJze4nKYJYRY45OC6tM/669C3pLwMCA=="
    },
    "select2": {
      "version": "4.1.0-rc.0",
      "resolved": "https://registry.npmjs.org/select2/-/select2-4.1.0-rc.0.tgz",
      "integrity": "sha512-Hr9TdhyHCZUtwznEH2CBf7967mEM0idtJ5nMtjvk3Up5tPukOLXbHUNmh10oRfeNIhj+3GD3niu+g6sVK+gK0A=="
    },
    "sweetalert2": {
      "version": "11.0.17",
      "resolved": "https://registry.npmjs.org/sweetalert2/-/sweetalert2-11.0.17.tgz",
      "integrity": "sha512-oaCGCNjMU648bDg5+/mdStfFNG9sYEejeEZQY8JpAakUM0pLflB3neNyArAZGcWNUQX1y/jOeRdzcNE05Una4A=="
    },
    "topojson-client": {
      "version": "3.1.0",
      "resolved": "https://registry.npmjs.org/topojson-client/-/topojson-client-3.1.0.tgz",
      "integrity": "sha512-605uxS6bcYxGXw9qi62XyrV6Q3xwbndjachmNxu8HWTtVPxZfEJN9fd/SZS1Q54Sn2y0TMyMxFj/cJINqGHrKw==",
      "requires": {
        "commander": "2"
      }
    }
  }
}
