{
  "name": "ngsurvey",
  "lockfileVersion": 2,
  "requires": true,
  "packages": {
    "": {
      "dependencies": {
        "@sweetalert2/theme-wordpress-admin": "^5.0",
        "chart.js": "^3.0",
        "chartjs-adapter-moment": "^1.0",
        "chartjs-chart-geo": "^3.0",
        "gemini-datepicker": "^1.0",
        "jquery-validation": "^1.0",
        "leaflet": "^1.0",
        "leaflet-geosearch": "^3.0",
        "leaflet.markercluster": "^1.0",
        "select2": "^4.0",
        "sweetalert2": "11.4.8"
      }
    },
    "node_modules/@googlemaps/js-api-loader": {
      "version": "1.15.1",
      "resolved": "https://registry.npmjs.org/@googlemaps/js-api-loader/-/js-api-loader-1.15.1.tgz",
      "integrity": "sha512-AsnEgNsB7S/VdrHGEQUaUM2e5tmjFGKBAfzR/AqO8O7TPq/jQGvoRw5liPBw4EMF38RDsHmKDV89q/X+qiUREQ==",
      "optional": true,
      "dependencies": {
        "fast-deep-equal": "^3.1.3"
      }
    },
    "node_modules/@sweetalert2/theme-wordpress-admin": {
      "version": "5.0.15",
      "resolved": "https://registry.npmjs.org/@sweetalert2/theme-wordpress-admin/-/theme-wordpress-admin-5.0.15.tgz",
      "integrity": "sha512-VS+vMtlQ5dEEjTym0LtNJG6uudfzPo9A9RvjnpDjFvOCb1oO5/9w1qMeBZr8xog3vlzbKZm5WbPABv+MyTFCLw=="
    },
    "node_modules/@types/d3-geo": {
      "version": "3.0.2",
      "resolved": "https://registry.npmjs.org/@types/d3-geo/-/d3-geo-3.0.2.tgz",
      "integrity": "sha512-DbqK7MLYA8LpyHQfv6Klz0426bQEf7bRTvhMy44sNGVyZoWn//B0c+Qbeg8Osi2Obdc9BLLXYAKpyWege2/7LQ==",
      "dependencies": {
        "@types/geojson": "*"
      }
    },
    "node_modules/@types/d3-scale-chromatic": {
      "version": "3.0.0",
      "resolved": "https://registry.npmjs.org/@types/d3-scale-chromatic/-/d3-scale-chromatic-3.0.0.tgz",
      "integrity": "sha512-dsoJGEIShosKVRBZB0Vo3C8nqSDqVGujJU6tPznsBJxNJNwMF8utmS83nvCBKQYPpjCzaaHcrf66iTRpZosLPw=="
    },
    "node_modules/@types/geojson": {
      "version": "7946.0.8",
      "resolved": "https://registry.npmjs.org/@types/geojson/-/geojson-7946.0.8.tgz",
      "integrity": "sha512-1rkryxURpr6aWP7R786/UQOkJ3PcpQiWkAXBmdWc7ryFWqN6a4xfK7BtjXvFBKO9LjQ+MWQSWxYeZX1OApnArA=="
    },
    "node_modules/@types/topojson-client": {
      "version": "3.1.1",
      "resolved": "https://registry.npmjs.org/@types/topojson-client/-/topojson-client-3.1.1.tgz",
      "integrity": "sha512-E4/Z2Xg56kVLRzYWem/6uOKVcVNqqxEqlWM9qCG2tCV1BxuzvvXC02/ELoGJWgtKkQhfycBPlMFEuTFdA/YiTg==",
      "dependencies": {
        "@types/geojson": "*",
        "@types/topojson-specification": "*"
      }
    },
    "node_modules/@types/topojson-specification": {
      "version": "1.0.2",
      "resolved": "https://registry.npmjs.org/@types/topojson-specification/-/topojson-specification-1.0.2.tgz",
      "integrity": "sha512-SGc1NdX9g3UGDp6S+p+uyG+Z8CehS51sUJ9bejA25Xgn2kkAguILk6J9nxXK+0M/mbTBN7ypMA7+4HVLNMJ8ag==",
      "dependencies": {
        "@types/geojson": "*"
      }
    },
    "node_modules/chart.js": {
      "version": "3.9.1",
      "resolved": "https://registry.npmjs.org/chart.js/-/chart.js-3.9.1.tgz",
      "integrity": "sha512-Ro2JbLmvg83gXF5F4sniaQ+lTbSv18E+TIf2cOeiH1Iqd2PGFOtem+DUufMZsCJwFE7ywPOpfXFBwRTGq7dh6w=="
    },
    "node_modules/chartjs-adapter-moment": {
      "version": "1.0.1",
      "resolved": "https://registry.npmjs.org/chartjs-adapter-moment/-/chartjs-adapter-moment-1.0.1.tgz",
      "integrity": "sha512-Uz+nTX/GxocuqXpGylxK19YG4R3OSVf8326D+HwSTsNw1LgzyIGRo+Qujwro1wy6X+soNSnfj5t2vZ+r6EaDmA==",
      "peerDependencies": {
        "chart.js": ">=3.0.0",
        "moment": "^2.10.2"
      }
    },
    "node_modules/chartjs-chart-geo": {
      "version": "3.10.0",
      "resolved": "https://registry.npmjs.org/chartjs-chart-geo/-/chartjs-chart-geo-3.10.0.tgz",
      "integrity": "sha512-UEq/OVFswYSEWyg2qEWCyd5F3UPl9jYGRiRnWl+looU6TsHgm/4RRvtvXUkWOiFR8d6yNC+6jrkudplGM7cbJw==",
      "dependencies": {
        "@types/d3-geo": "^3.0.2",
        "@types/d3-scale-chromatic": "^3.0.0",
        "@types/topojson-client": "^3.1.1",
        "d3-array": "^3.2.0",
        "d3-color": "^3.1.0",
        "d3-geo": "^3.0.1",
        "d3-interpolate": "^3.0.1",
        "d3-scale-chromatic": "^3.0.0",
        "topojson-client": "^3.1.0"
      },
      "peerDependencies": {
        "chart.js": "^3.9.1"
      }
    },
    "node_modules/commander": {
      "version": "2.20.3",
      "resolved": "https://registry.npmjs.org/commander/-/commander-2.20.3.tgz",
      "integrity": "sha512-GpVkmM8vF2vQUkj2LvZmD35JxeJOLCwJ9cUkugyk2nuhbv3+mJvpLYYt+0+USMxE+oj+ey/lJEnhZw75x/OMcQ=="
    },
    "node_modules/d3-array": {
      "version": "3.2.0",
      "resolved": "https://registry.npmjs.org/d3-array/-/d3-array-3.2.0.tgz",
      "integrity": "sha512-3yXFQo0oG3QCxbF06rMPFyGRMGJNS7NvsV1+2joOjbBE+9xvWQ8+GcMJAjRCzw06zQ3/arXeJgbPYcjUCuC+3g==",
      "dependencies": {
        "internmap": "1 - 2"
      },
      "engines": {
        "node": ">=12"
      }
    },
    "node_modules/d3-color": {
      "version": "3.1.0",
      "resolved": "https://registry.npmjs.org/d3-color/-/d3-color-3.1.0.tgz",
      "integrity": "sha512-zg/chbXyeBtMQ1LbD/WSoW2DpC3I0mpmPdW+ynRTj/x2DAWYrIY7qeZIHidozwV24m4iavr15lNwIwLxRmOxhA==",
      "engines": {
        "node": ">=12"
      }
    },
    "node_modules/d3-geo": {
      "version": "3.0.1",
      "resolved": "https://registry.npmjs.org/d3-geo/-/d3-geo-3.0.1.tgz",
      "integrity": "sha512-Wt23xBych5tSy9IYAM1FR2rWIBFWa52B/oF/GYe5zbdHrg08FU8+BuI6X4PvTwPDdqdAdq04fuWJpELtsaEjeA==",
      "dependencies": {
        "d3-array": "2.5.0 - 3"
      },
      "engines": {
        "node": ">=12"
      }
    },
    "node_modules/d3-interpolate": {
      "version": "3.0.1",
      "resolved": "https://registry.npmjs.org/d3-interpolate/-/d3-interpolate-3.0.1.tgz",
      "integrity": "sha512-3bYs1rOD33uo8aqJfKP3JWPAibgw8Zm2+L9vBKEHJ2Rg+viTR7o5Mmv5mZcieN+FRYaAOWX5SJATX6k1PWz72g==",
      "dependencies": {
        "d3-color": "1 - 3"
      },
      "engines": {
        "node": ">=12"
      }
    },
    "node_modules/d3-scale-chromatic": {
      "version": "3.0.0",
      "resolved": "https://registry.npmjs.org/d3-scale-chromatic/-/d3-scale-chromatic-3.0.0.tgz",
      "integrity": "sha512-Lx9thtxAKrO2Pq6OO2Ua474opeziKr279P/TKZsMAhYyNDD3EnCffdbgeSYN5O7m2ByQsxtuP2CSDczNUIZ22g==",
      "dependencies": {
        "d3-color": "1 - 3",
        "d3-interpolate": "1 - 3"
      },
      "engines": {
        "node": ">=12"
      }
    },
    "node_modules/fast-deep-equal": {
      "version": "3.1.3",
      "resolved": "https://registry.npmjs.org/fast-deep-equal/-/fast-deep-equal-3.1.3.tgz",
      "integrity": "sha512-f3qQ9oQy9j2AhBe/H9VC91wLmKBCCU/gDOnKNAYG5hswO7BLKj09Hc5HYNz9cGI++xlpDCIgDaitVs03ATR84Q==",
      "optional": true
    },
    "node_modules/gemini-datepicker": {
      "version": "1.0.16",
      "resolved": "https://registry.npmjs.org/gemini-datepicker/-/gemini-datepicker-1.0.16.tgz",
      "integrity": "sha1-hUb0odal6PKHRlnCpPGKrKRA7nk=",
      "dependencies": {
        "jquery": ">= 1.9.1"
      }
    },
    "node_modules/internmap": {
      "version": "2.0.3",
      "resolved": "https://registry.npmjs.org/internmap/-/internmap-2.0.3.tgz",
      "integrity": "sha512-5Hh7Y1wQbvY5ooGgPbDaL5iYLAPzMTUrjMulskHLH6wnv/A+1q5rgEaiuqEjB+oxGXIVZs1FF+R/KPN3ZSQYYg==",
      "engines": {
        "node": ">=12"
      }
    },
    "node_modules/jquery": {
      "version": "3.6.0",
      "resolved": "https://registry.npmjs.org/jquery/-/jquery-3.6.0.tgz",
      "integrity": "sha512-JVzAR/AjBvVt2BmYhxRCSYysDsPcssdmTFnzyLEts9qNwmjmu4JTAMYubEfwVOSwpQ1I1sKKFcxhZCI2buerfw=="
    },
    "node_modules/jquery-validation": {
      "version": "1.19.5",
      "resolved": "https://registry.npmjs.org/jquery-validation/-/jquery-validation-1.19.5.tgz",
      "integrity": "sha512-X2SmnPq1mRiDecVYL8edWx+yTBZDyC8ohWXFhXdtqFHgU9Wd4KHkvcbCoIZ0JaSaumzS8s2gXSkP8F7ivg/8ZQ==",
      "peerDependencies": {
        "jquery": "^1.7 || ^2.0 || ^3.1"
      }
    },
    "node_modules/leaflet": {
      "version": "1.9.4",
      "resolved": "https://registry.npmjs.org/leaflet/-/leaflet-1.9.4.tgz",
      "integrity": "sha512-nxS1ynzJOmOlHp+iL3FyWqK89GtNL8U8rvlMOsQdTTssxZwCXh8N2NB3GDQOL+YR3XnWyZAxwQixURb+FA74PA=="
    },
    "node_modules/leaflet-geosearch": {
      "version": "3.8.0",
      "resolved": "https://registry.npmjs.org/leaflet-geosearch/-/leaflet-geosearch-3.8.0.tgz",
      "integrity": "sha512-YYFigq2JkqaZrgEjxWyvyQy4seh0Il9xPlG+IP2Z3+K7DrQ+bYc7qDizmxKbAn2jSNUCvokz75gXj7wXcFDB9A==",
      "optionalDependencies": {
        "@googlemaps/js-api-loader": "^1.14.3",
        "leaflet": "^1.6.0"
      }
    },
    "node_modules/leaflet.markercluster": {
      "version": "1.5.3",
      "resolved": "https://registry.npmjs.org/leaflet.markercluster/-/leaflet.markercluster-1.5.3.tgz",
      "integrity": "sha512-vPTw/Bndq7eQHjLBVlWpnGeLa3t+3zGiuM7fJwCkiMFq+nmRuG3RI3f7f4N4TDX7T4NpbAXpR2+NTRSEGfCSeA==",
      "peerDependencies": {
        "leaflet": "^1.3.1"
      }
    },
    "node_modules/moment": {
      "version": "2.29.4",
      "resolved": "https://registry.npmjs.org/moment/-/moment-2.29.4.tgz",
      "integrity": "sha512-5LC9SOxjSc2HF6vO2CyuTDNivEdoz2IvyJJGj6X8DJ0eFyfszE0QiEd+iXmBvUP3WHxSjFH/vIsA0EN00cgr8w==",
      "peer": true,
      "engines": {
        "node": "*"
      }
    },
    "node_modules/select2": {
      "version": "4.0.13",
      "resolved": "https://registry.npmjs.org/select2/-/select2-4.0.13.tgz",
      "integrity": "sha512-1JeB87s6oN/TDxQQYCvS5EFoQyvV6eYMZZ0AeA4tdFDYWN3BAGZ8npr17UBFddU0lgAt3H0yjX3X6/ekOj1yjw=="
    },
    "node_modules/sweetalert2": {
      "version": "11.4.8",
      "resolved": "https://registry.npmjs.org/sweetalert2/-/sweetalert2-11.4.8.tgz",
      "integrity": "sha512-BDS/+E8RwaekGSxCPUbPnsRAyQ439gtXkTF/s98vY2l9DaVEOMjGj1FaQSorfGREKsbbxGSP7UXboibL5vgTMA==",
      "funding": {
        "type": "individual",
        "url": "https://sweetalert2.github.io/#donations"
      }
    },
    "node_modules/topojson-client": {
      "version": "3.1.0",
      "resolved": "https://registry.npmjs.org/topojson-client/-/topojson-client-3.1.0.tgz",
      "integrity": "sha512-605uxS6bcYxGXw9qi62XyrV6Q3xwbndjachmNxu8HWTtVPxZfEJN9fd/SZS1Q54Sn2y0TMyMxFj/cJINqGHrKw==",
      "dependencies": {
        "commander": "2"
      },
      "bin": {
        "topo2geo": "bin/topo2geo",
        "topomerge": "bin/topomerge",
        "topoquantize": "bin/topoquantize"
      }
    }
  },
  "dependencies": {
    "@googlemaps/js-api-loader": {
      "version": "1.15.1",
      "resolved": "https://registry.npmjs.org/@googlemaps/js-api-loader/-/js-api-loader-1.15.1.tgz",
      "integrity": "sha512-AsnEgNsB7S/VdrHGEQUaUM2e5tmjFGKBAfzR/AqO8O7TPq/jQGvoRw5liPBw4EMF38RDsHmKDV89q/X+qiUREQ==",
      "optional": true,
      "requires": {
        "fast-deep-equal": "^3.1.3"
      }
    },
    "@sweetalert2/theme-wordpress-admin": {
      "version": "5.0.15",
      "resolved": "https://registry.npmjs.org/@sweetalert2/theme-wordpress-admin/-/theme-wordpress-admin-5.0.15.tgz",
      "integrity": "sha512-VS+vMtlQ5dEEjTym0LtNJG6uudfzPo9A9RvjnpDjFvOCb1oO5/9w1qMeBZr8xog3vlzbKZm5WbPABv+MyTFCLw=="
    },
    "@types/d3-geo": {
      "version": "3.0.2",
      "resolved": "https://registry.npmjs.org/@types/d3-geo/-/d3-geo-3.0.2.tgz",
      "integrity": "sha512-DbqK7MLYA8LpyHQfv6Klz0426bQEf7bRTvhMy44sNGVyZoWn//B0c+Qbeg8Osi2Obdc9BLLXYAKpyWege2/7LQ==",
      "requires": {
        "@types/geojson": "*"
      }
    },
    "@types/d3-scale-chromatic": {
      "version": "3.0.0",
      "resolved": "https://registry.npmjs.org/@types/d3-scale-chromatic/-/d3-scale-chromatic-3.0.0.tgz",
      "integrity": "sha512-dsoJGEIShosKVRBZB0Vo3C8nqSDqVGujJU6tPznsBJxNJNwMF8utmS83nvCBKQYPpjCzaaHcrf66iTRpZosLPw=="
    },
    "@types/geojson": {
      "version": "7946.0.8",
      "resolved": "https://registry.npmjs.org/@types/geojson/-/geojson-7946.0.8.tgz",
      "integrity": "sha512-1rkryxURpr6aWP7R786/UQOkJ3PcpQiWkAXBmdWc7ryFWqN6a4xfK7BtjXvFBKO9LjQ+MWQSWxYeZX1OApnArA=="
    },
    "@types/topojson-client": {
      "version": "3.1.1",
      "resolved": "https://registry.npmjs.org/@types/topojson-client/-/topojson-client-3.1.1.tgz",
      "integrity": "sha512-E4/Z2Xg56kVLRzYWem/6uOKVcVNqqxEqlWM9qCG2tCV1BxuzvvXC02/ELoGJWgtKkQhfycBPlMFEuTFdA/YiTg==",
      "requires": {
        "@types/geojson": "*",
        "@types/topojson-specification": "*"
      }
    },
    "@types/topojson-specification": {
      "version": "1.0.2",
      "resolved": "https://registry.npmjs.org/@types/topojson-specification/-/topojson-specification-1.0.2.tgz",
      "integrity": "sha512-SGc1NdX9g3UGDp6S+p+uyG+Z8CehS51sUJ9bejA25Xgn2kkAguILk6J9nxXK+0M/mbTBN7ypMA7+4HVLNMJ8ag==",
      "requires": {
        "@types/geojson": "*"
      }
    },
    "chart.js": {
      "version": "3.9.1",
      "resolved": "https://registry.npmjs.org/chart.js/-/chart.js-3.9.1.tgz",
      "integrity": "sha512-Ro2JbLmvg83gXF5F4sniaQ+lTbSv18E+TIf2cOeiH1Iqd2PGFOtem+DUufMZsCJwFE7ywPOpfXFBwRTGq7dh6w=="
    },
    "chartjs-adapter-moment": {
      "version": "1.0.1",
      "resolved": "https://registry.npmjs.org/chartjs-adapter-moment/-/chartjs-adapter-moment-1.0.1.tgz",
      "integrity": "sha512-Uz+nTX/GxocuqXpGylxK19YG4R3OSVf8326D+HwSTsNw1LgzyIGRo+Qujwro1wy6X+soNSnfj5t2vZ+r6EaDmA==",
      "requires": {}
    },
    "chartjs-chart-geo": {
      "version": "3.10.0",
      "resolved": "https://registry.npmjs.org/chartjs-chart-geo/-/chartjs-chart-geo-3.10.0.tgz",
      "integrity": "sha512-UEq/OVFswYSEWyg2qEWCyd5F3UPl9jYGRiRnWl+looU6TsHgm/4RRvtvXUkWOiFR8d6yNC+6jrkudplGM7cbJw==",
      "requires": {
        "@types/d3-geo": "^3.0.2",
        "@types/d3-scale-chromatic": "^3.0.0",
        "@types/topojson-client": "^3.1.1",
        "d3-array": "^3.2.0",
        "d3-color": "^3.1.0",
        "d3-geo": "^3.0.1",
        "d3-interpolate": "^3.0.1",
        "d3-scale-chromatic": "^3.0.0",
        "topojson-client": "^3.1.0"
      }
    },
    "commander": {
      "version": "2.20.3",
      "resolved": "https://registry.npmjs.org/commander/-/commander-2.20.3.tgz",
      "integrity": "sha512-GpVkmM8vF2vQUkj2LvZmD35JxeJOLCwJ9cUkugyk2nuhbv3+mJvpLYYt+0+USMxE+oj+ey/lJEnhZw75x/OMcQ=="
    },
    "d3-array": {
      "version": "3.2.0",
      "resolved": "https://registry.npmjs.org/d3-array/-/d3-array-3.2.0.tgz",
      "integrity": "sha512-3yXFQo0oG3QCxbF06rMPFyGRMGJNS7NvsV1+2joOjbBE+9xvWQ8+GcMJAjRCzw06zQ3/arXeJgbPYcjUCuC+3g==",
      "requires": {
        "internmap": "1 - 2"
      }
    },
    "d3-color": {
      "version": "3.1.0",
      "resolved": "https://registry.npmjs.org/d3-color/-/d3-color-3.1.0.tgz",
      "integrity": "sha512-zg/chbXyeBtMQ1LbD/WSoW2DpC3I0mpmPdW+ynRTj/x2DAWYrIY7qeZIHidozwV24m4iavr15lNwIwLxRmOxhA=="
    },
    "d3-geo": {
      "version": "3.0.1",
      "resolved": "https://registry.npmjs.org/d3-geo/-/d3-geo-3.0.1.tgz",
      "integrity": "sha512-Wt23xBych5tSy9IYAM1FR2rWIBFWa52B/oF/GYe5zbdHrg08FU8+BuI6X4PvTwPDdqdAdq04fuWJpELtsaEjeA==",
      "requires": {
        "d3-array": "2.5.0 - 3"
      }
    },
    "d3-interpolate": {
      "version": "3.0.1",
      "resolved": "https://registry.npmjs.org/d3-interpolate/-/d3-interpolate-3.0.1.tgz",
      "integrity": "sha512-3bYs1rOD33uo8aqJfKP3JWPAibgw8Zm2+L9vBKEHJ2Rg+viTR7o5Mmv5mZcieN+FRYaAOWX5SJATX6k1PWz72g==",
      "requires": {
        "d3-color": "1 - 3"
      }
    },
    "d3-scale-chromatic": {
      "version": "3.0.0",
      "resolved": "https://registry.npmjs.org/d3-scale-chromatic/-/d3-scale-chromatic-3.0.0.tgz",
      "integrity": "sha512-Lx9thtxAKrO2Pq6OO2Ua474opeziKr279P/TKZsMAhYyNDD3EnCffdbgeSYN5O7m2ByQsxtuP2CSDczNUIZ22g==",
      "requires": {
        "d3-color": "1 - 3",
        "d3-interpolate": "1 - 3"
      }
    },
    "fast-deep-equal": {
      "version": "3.1.3",
      "resolved": "https://registry.npmjs.org/fast-deep-equal/-/fast-deep-equal-3.1.3.tgz",
      "integrity": "sha512-f3qQ9oQy9j2AhBe/H9VC91wLmKBCCU/gDOnKNAYG5hswO7BLKj09Hc5HYNz9cGI++xlpDCIgDaitVs03ATR84Q==",
      "optional": true
    },
    "gemini-datepicker": {
      "version": "1.0.16",
      "resolved": "https://registry.npmjs.org/gemini-datepicker/-/gemini-datepicker-1.0.16.tgz",
      "integrity": "sha1-hUb0odal6PKHRlnCpPGKrKRA7nk=",
      "requires": {
        "jquery": ">= 1.9.1"
      }
    },
    "internmap": {
      "version": "2.0.3",
      "resolved": "https://registry.npmjs.org/internmap/-/internmap-2.0.3.tgz",
      "integrity": "sha512-5Hh7Y1wQbvY5ooGgPbDaL5iYLAPzMTUrjMulskHLH6wnv/A+1q5rgEaiuqEjB+oxGXIVZs1FF+R/KPN3ZSQYYg=="
    },
    "jquery": {
      "version": "3.6.0",
      "resolved": "https://registry.npmjs.org/jquery/-/jquery-3.6.0.tgz",
      "integrity": "sha512-JVzAR/AjBvVt2BmYhxRCSYysDsPcssdmTFnzyLEts9qNwmjmu4JTAMYubEfwVOSwpQ1I1sKKFcxhZCI2buerfw=="
    },
    "jquery-validation": {
      "version": "1.19.5",
      "resolved": "https://registry.npmjs.org/jquery-validation/-/jquery-validation-1.19.5.tgz",
      "integrity": "sha512-X2SmnPq1mRiDecVYL8edWx+yTBZDyC8ohWXFhXdtqFHgU9Wd4KHkvcbCoIZ0JaSaumzS8s2gXSkP8F7ivg/8ZQ==",
      "requires": {}
    },
    "leaflet": {
      "version": "1.9.4",
      "resolved": "https://registry.npmjs.org/leaflet/-/leaflet-1.9.4.tgz",
      "integrity": "sha512-nxS1ynzJOmOlHp+iL3FyWqK89GtNL8U8rvlMOsQdTTssxZwCXh8N2NB3GDQOL+YR3XnWyZAxwQixURb+FA74PA=="
    },
    "leaflet-geosearch": {
      "version": "3.8.0",
      "resolved": "https://registry.npmjs.org/leaflet-geosearch/-/leaflet-geosearch-3.8.0.tgz",
      "integrity": "sha512-YYFigq2JkqaZrgEjxWyvyQy4seh0Il9xPlG+IP2Z3+K7DrQ+bYc7qDizmxKbAn2jSNUCvokz75gXj7wXcFDB9A==",
      "requires": {
        "@googlemaps/js-api-loader": "^1.14.3",
        "leaflet": "^1.6.0"
      }
    },
    "leaflet.markercluster": {
      "version": "1.5.3",
      "resolved": "https://registry.npmjs.org/leaflet.markercluster/-/leaflet.markercluster-1.5.3.tgz",
      "integrity": "sha512-vPTw/Bndq7eQHjLBVlWpnGeLa3t+3zGiuM7fJwCkiMFq+nmRuG3RI3f7f4N4TDX7T4NpbAXpR2+NTRSEGfCSeA==",
      "requires": {}
    },
    "moment": {
      "version": "2.29.4",
      "resolved": "https://registry.npmjs.org/moment/-/moment-2.29.4.tgz",
      "integrity": "sha512-5LC9SOxjSc2HF6vO2CyuTDNivEdoz2IvyJJGj6X8DJ0eFyfszE0QiEd+iXmBvUP3WHxSjFH/vIsA0EN00cgr8w==",
      "peer": true
    },
    "select2": {
      "version": "4.0.13",
      "resolved": "https://registry.npmjs.org/select2/-/select2-4.0.13.tgz",
      "integrity": "sha512-1JeB87s6oN/TDxQQYCvS5EFoQyvV6eYMZZ0AeA4tdFDYWN3BAGZ8npr17UBFddU0lgAt3H0yjX3X6/ekOj1yjw=="
    },
    "sweetalert2": {
      "version": "11.4.8",
      "resolved": "https://registry.npmjs.org/sweetalert2/-/sweetalert2-11.4.8.tgz",
      "integrity": "sha512-BDS/+E8RwaekGSxCPUbPnsRAyQ439gtXkTF/s98vY2l9DaVEOMjGj1FaQSorfGREKsbbxGSP7UXboibL5vgTMA=="
    },
    "topojson-client": {
      "version": "3.1.0",
      "resolved": "https://registry.npmjs.org/topojson-client/-/topojson-client-3.1.0.tgz",
      "integrity": "sha512-605uxS6bcYxGXw9qi62XyrV6Q3xwbndjachmNxu8HWTtVPxZfEJN9fd/SZS1Q54Sn2y0TMyMxFj/cJINqGHrKw==",
      "requires": {
        "commander": "2"
      }
    }
  }
}
