{
  "name": "ngsurvey",
  "lockfileVersion": 2,
  "requires": true,
  "packages": {
    "": {
      "dependencies": {
        "@sweetalert2/theme-wordpress-admin": "^5.0.0",
        "chart.js": "^3.3.2",
        "chartjs-adapter-moment": "^1.0.0",
        "chartjs-chart-geo": "^3.1.0",
        "gemini-datepicker": "^1.0.16",
        "jquery-validation": "^1.19.4",
        "leaflet": "^1.7.1",
        "leaflet-geosearch": "^3.3.2",
        "leaflet.markercluster": "^1.5.0",
        "select2": "*",
        "sweetalert2": "^11.0.17"
      }
    },
    "node_modules/@sweetalert2/theme-wordpress-admin": {
      "version": "5.0.10",
      "resolved": "https://registry.npmjs.org/@sweetalert2/theme-wordpress-admin/-/theme-wordpress-admin-5.0.10.tgz",
      "integrity": "sha512-j/pvjB0L51xBp7c3qQ/wdxvf/Nc2Fs+rJGb5N6D0OH2dT5viZMD+2V8/Qfy3ZrCOOgB7ILf0yxeOGQHeH/f2fA=="
    },
    "node_modules/@types/d3-geo": {
      "version": "3.0.2",
      "resolved": "https://registry.npmjs.org/@types/d3-geo/-/d3-geo-3.0.2.tgz",
      "integrity": "sha512-DbqK7MLYA8LpyHQfv6Klz0426bQEf7bRTvhMy44sNGVyZoWn//B0c+Qbeg8Osi2Obdc9BLLXYAKpyWege2/7LQ==",
      "dependencies": {
        "@types/geojson": "*"
      }
    },
    "node_modules/@types/d3-scale-chromatic": {
      "version": "3.0.0",
      "resolved": "https://registry.npmjs.org/@types/d3-scale-chromatic/-/d3-scale-chromatic-3.0.0.tgz",
      "integrity": "sha512-dsoJGEIShosKVRBZB0Vo3C8nqSDqVGujJU6tPznsBJxNJNwMF8utmS83nvCBKQYPpjCzaaHcrf66iTRpZosLPw=="
    },
    "node_modules/@types/geojson": {
      "version": "7946.0.8",
      "resolved": "https://registry.npmjs.org/@types/geojson/-/geojson-7946.0.8.tgz",
      "integrity": "sha512-1rkryxURpr6aWP7R786/UQOkJ3PcpQiWkAXBmdWc7ryFWqN6a4xfK7BtjXvFBKO9LjQ+MWQSWxYeZX1OApnArA=="
    },
    "node_modules/@types/topojson-client": {
      "version": "3.1.1",
      "resolved": "https://registry.npmjs.org/@types/topojson-client/-/topojson-client-3.1.1.tgz",
      "integrity": "sha512-E4/Z2Xg56kVLRzYWem/6uOKVcVNqqxEqlWM9qCG2tCV1BxuzvvXC02/ELoGJWgtKkQhfycBPlMFEuTFdA/YiTg==",
      "dependencies": {
        "@types/geojson": "*",
        "@types/topojson-specification": "*"
      }
    },
    "node_modules/@types/topojson-specification": {
      "version": "1.0.2",
      "resolved": "https://registry.npmjs.org/@types/topojson-specification/-/topojson-specification-1.0.2.tgz",
      "integrity": "sha512-SGc1NdX9g3UGDp6S+p+uyG+Z8CehS51sUJ9bejA25Xgn2kkAguILk6J9nxXK+0M/mbTBN7ypMA7+4HVLNMJ8ag==",
      "dependencies": {
        "@types/geojson": "*"
      }
    },
    "node_modules/chart.js": {
      "version": "3.7.1",
      "resolved": "https://registry.npmjs.org/chart.js/-/chart.js-3.7.1.tgz",
      "integrity": "sha512-8knRegQLFnPQAheZV8MjxIXc5gQEfDFD897BJgv/klO/vtIyFFmgMXrNfgrXpbTr/XbTturxRgxIXx/Y+ASJBA=="
    },
    "node_modules/chartjs-adapter-moment": {
      "version": "1.0.0",
      "resolved": "https://registry.npmjs.org/chartjs-adapter-moment/-/chartjs-adapter-moment-1.0.0.tgz",
      "integrity": "sha512-PqlerEvQcc5hZLQ/NQWgBxgVQ4TRdvkW3c/t+SUEQSj78ia3hgLkf2VZ2yGJtltNbEEFyYGm+cA6XXevodYvWA==",
      "peerDependencies": {
        "chart.js": "^3.0.0",
        "moment": "^2.10.2"
      }
    },
    "node_modules/chartjs-chart-geo": {
      "version": "3.7.1",
      "resolved": "https://registry.npmjs.org/chartjs-chart-geo/-/chartjs-chart-geo-3.7.1.tgz",
      "integrity": "sha512-IRWRVJvOQ4ZjadvuC8oHAaRj3xAo4NBqtiTvf/JVf0/S2EV+QH+inHw/uwSq5nj8el1jtYM0enzZPzgFqgBvvA==",
      "dependencies": {
        "@types/d3-geo": "^3.0.2",
        "@types/d3-scale-chromatic": "^3.0.0",
        "@types/topojson-client": "^3.1.0",
        "d3-array": "^2.12.0",
        "d3-geo": "^2.0.1",
        "d3-scale-chromatic": "^2.0.0",
        "topojson-client": "^3.1.0"
      },
      "peerDependencies": {
        "chart.js": "^3.7.0"
      }
    },
    "node_modules/commander": {
      "version": "2.20.3",
      "resolved": "https://registry.npmjs.org/commander/-/commander-2.20.3.tgz",
      "integrity": "sha512-GpVkmM8vF2vQUkj2LvZmD35JxeJOLCwJ9cUkugyk2nuhbv3+mJvpLYYt+0+USMxE+oj+ey/lJEnhZw75x/OMcQ=="
    },
    "node_modules/d3-array": {
      "version": "2.12.1",
      "resolved": "https://registry.npmjs.org/d3-array/-/d3-array-2.12.1.tgz",
      "integrity": "sha512-B0ErZK/66mHtEsR1TkPEEkwdy+WDesimkM5gpZr5Dsg54BiTA5RXtYW5qTLIAcekaS9xfZrzBLF/OAkB3Qn1YQ==",
      "dependencies": {
        "internmap": "^1.0.0"
      }
    },
    "node_modules/d3-color": {
      "version": "2.0.0",
      "resolved": "https://registry.npmjs.org/d3-color/-/d3-color-2.0.0.tgz",
      "integrity": "sha512-SPXi0TSKPD4g9tw0NMZFnR95XVgUZiBH+uUTqQuDu1OsE2zomHU7ho0FISciaPvosimixwHFl3WHLGabv6dDgQ=="
    },
    "node_modules/d3-geo": {
      "version": "2.0.2",
      "resolved": "https://registry.npmjs.org/d3-geo/-/d3-geo-2.0.2.tgz",
      "integrity": "sha512-8pM1WGMLGFuhq9S+FpPURxic+gKzjluCD/CHTuUF3mXMeiCo0i6R0tO1s4+GArRFde96SLcW/kOFRjoAosPsFA==",
      "dependencies": {
        "d3-array": "^2.5.0"
      }
    },
    "node_modules/d3-interpolate": {
      "version": "2.0.1",
      "resolved": "https://registry.npmjs.org/d3-interpolate/-/d3-interpolate-2.0.1.tgz",
      "integrity": "sha512-c5UhwwTs/yybcmTpAVqwSFl6vrQ8JZJoT5F7xNFK9pymv5C0Ymcc9/LIJHtYIggg/yS9YHw8i8O8tgb9pupjeQ==",
      "dependencies": {
        "d3-color": "1 - 2"
      }
    },
    "node_modules/d3-scale-chromatic": {
      "version": "2.0.0",
      "resolved": "https://registry.npmjs.org/d3-scale-chromatic/-/d3-scale-chromatic-2.0.0.tgz",
      "integrity": "sha512-LLqy7dJSL8yDy7NRmf6xSlsFZ6zYvJ4BcWFE4zBrOPnQERv9zj24ohnXKRbyi9YHnYV+HN1oEO3iFK971/gkzA==",
      "dependencies": {
        "d3-color": "1 - 2",
        "d3-interpolate": "1 - 2"
      }
    },
    "node_modules/gemini-datepicker": {
      "version": "1.0.16",
      "resolved": "https://registry.npmjs.org/gemini-datepicker/-/gemini-datepicker-1.0.16.tgz",
      "integrity": "sha1-hUb0odal6PKHRlnCpPGKrKRA7nk=",
      "dependencies": {
        "jquery": ">= 1.9.1"
      }
    },
    "node_modules/internmap": {
      "version": "1.0.1",
      "resolved": "https://registry.npmjs.org/internmap/-/internmap-1.0.1.tgz",
      "integrity": "sha512-lDB5YccMydFBtasVtxnZ3MRBHuaoE8GKsppq+EchKL2U4nK/DmEpPHNH8MZe5HkMtpSiTSOZwfN0tzYjO/lJEw=="
    },
    "node_modules/jquery": {
      "version": "3.6.0",
      "resolved": "https://registry.npmjs.org/jquery/-/jquery-3.6.0.tgz",
      "integrity": "sha512-JVzAR/AjBvVt2BmYhxRCSYysDsPcssdmTFnzyLEts9qNwmjmu4JTAMYubEfwVOSwpQ1I1sKKFcxhZCI2buerfw=="
    },
    "node_modules/jquery-validation": {
      "version": "1.19.4",
      "resolved": "https://registry.npmjs.org/jquery-validation/-/jquery-validation-1.19.4.tgz",
      "integrity": "sha512-PcwKcATCR+JL77m9kkWd84NAHAunJP9iasF6IbMxUgl73xDAimxjt5oYFmYHDXBmTZM4rpkXxMNR/jGI5TlSjA==",
      "peerDependencies": {
        "jquery": "^1.7 || ^2.0 || ^3.1"
      }
    },
    "node_modules/leaflet": {
      "version": "1.8.0",
      "resolved": "https://registry.npmjs.org/leaflet/-/leaflet-1.8.0.tgz",
      "integrity": "sha512-gwhMjFCQiYs3x/Sf+d49f10ERXaEFCPr+nVTryhAW8DWbMGqJqt9G4XuIaHmFW08zYvhgdzqXGr8AlW8v8dQkA=="
    },
    "node_modules/leaflet-geosearch": {
      "version": "3.6.0",
      "resolved": "https://registry.npmjs.org/leaflet-geosearch/-/leaflet-geosearch-3.6.0.tgz",
      "integrity": "sha512-TkJOi+eVbsQB7wC0ssGzV9eGQv5BgEwDyb0QOunYA64qe53lB+ostUemvQD7Cmari0shtgBr3Patn5galjr3WA==",
      "optionalDependencies": {
        "leaflet": "^1.6.0"
      }
    },
    "node_modules/leaflet.markercluster": {
      "version": "1.5.3",
      "resolved": "https://registry.npmjs.org/leaflet.markercluster/-/leaflet.markercluster-1.5.3.tgz",
      "integrity": "sha512-vPTw/Bndq7eQHjLBVlWpnGeLa3t+3zGiuM7fJwCkiMFq+nmRuG3RI3f7f4N4TDX7T4NpbAXpR2+NTRSEGfCSeA==",
      "peerDependencies": {
        "leaflet": "^1.3.1"
      }
    },
    "node_modules/moment": {
      "version": "2.29.3",
      "resolved": "https://registry.npmjs.org/moment/-/moment-2.29.3.tgz",
      "integrity": "sha512-c6YRvhEo//6T2Jz/vVtYzqBzwvPT95JBQ+smCytzf7c50oMZRsR/a4w88aD34I+/QVSfnoAnSBFPJHItlOMJVw==",
      "peer": true,
      "engines": {
        "node": "*"
      }
    },
    "node_modules/select2": {
      "version": "4.1.0-rc.0",
      "resolved": "https://registry.npmjs.org/select2/-/select2-4.1.0-rc.0.tgz",
      "integrity": "sha512-Hr9TdhyHCZUtwznEH2CBf7967mEM0idtJ5nMtjvk3Up5tPukOLXbHUNmh10oRfeNIhj+3GD3niu+g6sVK+gK0A=="
    },
    "node_modules/sweetalert2": {
      "version": "11.4.9",
      "resolved": "https://registry.npmjs.org/sweetalert2/-/sweetalert2-11.4.9.tgz",
      "integrity": "sha512-DAQGODShPfz9cwxDIUuXZuavlq1kOR2uypXa4DxG9YxlIbcCSlbm7BEnXwP/GK9+wI+whvj5iePEByq3RbIoNg==",
      "funding": {
        "type": "individual",
        "url": "https://sweetalert2.github.io/#donations"
      }
    },
    "node_modules/topojson-client": {
      "version": "3.1.0",
      "resolved": "https://registry.npmjs.org/topojson-client/-/topojson-client-3.1.0.tgz",
      "integrity": "sha512-605uxS6bcYxGXw9qi62XyrV6Q3xwbndjachmNxu8HWTtVPxZfEJN9fd/SZS1Q54Sn2y0TMyMxFj/cJINqGHrKw==",
      "dependencies": {
        "commander": "2"
      },
      "bin": {
        "topo2geo": "bin/topo2geo",
        "topomerge": "bin/topomerge",
        "topoquantize": "bin/topoquantize"
      }
    }
  },
  "dependencies": {
    "@sweetalert2/theme-wordpress-admin": {
      "version": "5.0.10",
      "resolved": "https://registry.npmjs.org/@sweetalert2/theme-wordpress-admin/-/theme-wordpress-admin-5.0.10.tgz",
      "integrity": "sha512-j/pvjB0L51xBp7c3qQ/wdxvf/Nc2Fs+rJGb5N6D0OH2dT5viZMD+2V8/Qfy3ZrCOOgB7ILf0yxeOGQHeH/f2fA=="
    },
    "@types/d3-geo": {
      "version": "3.0.2",
      "resolved": "https://registry.npmjs.org/@types/d3-geo/-/d3-geo-3.0.2.tgz",
      "integrity": "sha512-DbqK7MLYA8LpyHQfv6Klz0426bQEf7bRTvhMy44sNGVyZoWn//B0c+Qbeg8Osi2Obdc9BLLXYAKpyWege2/7LQ==",
      "requires": {
        "@types/geojson": "*"
      }
    },
    "@types/d3-scale-chromatic": {
      "version": "3.0.0",
      "resolved": "https://registry.npmjs.org/@types/d3-scale-chromatic/-/d3-scale-chromatic-3.0.0.tgz",
      "integrity": "sha512-dsoJGEIShosKVRBZB0Vo3C8nqSDqVGujJU6tPznsBJxNJNwMF8utmS83nvCBKQYPpjCzaaHcrf66iTRpZosLPw=="
    },
    "@types/geojson": {
      "version": "7946.0.8",
      "resolved": "https://registry.npmjs.org/@types/geojson/-/geojson-7946.0.8.tgz",
      "integrity": "sha512-1rkryxURpr6aWP7R786/UQOkJ3PcpQiWkAXBmdWc7ryFWqN6a4xfK7BtjXvFBKO9LjQ+MWQSWxYeZX1OApnArA=="
    },
    "@types/topojson-client": {
      "version": "3.1.1",
      "resolved": "https://registry.npmjs.org/@types/topojson-client/-/topojson-client-3.1.1.tgz",
      "integrity": "sha512-E4/Z2Xg56kVLRzYWem/6uOKVcVNqqxEqlWM9qCG2tCV1BxuzvvXC02/ELoGJWgtKkQhfycBPlMFEuTFdA/YiTg==",
      "requires": {
        "@types/geojson": "*",
        "@types/topojson-specification": "*"
      }
    },
    "@types/topojson-specification": {
      "version": "1.0.2",
      "resolved": "https://registry.npmjs.org/@types/topojson-specification/-/topojson-specification-1.0.2.tgz",
      "integrity": "sha512-SGc1NdX9g3UGDp6S+p+uyG+Z8CehS51sUJ9bejA25Xgn2kkAguILk6J9nxXK+0M/mbTBN7ypMA7+4HVLNMJ8ag==",
      "requires": {
        "@types/geojson": "*"
      }
    },
    "chart.js": {
      "version": "3.7.1",
      "resolved": "https://registry.npmjs.org/chart.js/-/chart.js-3.7.1.tgz",
      "integrity": "sha512-8knRegQLFnPQAheZV8MjxIXc5gQEfDFD897BJgv/klO/vtIyFFmgMXrNfgrXpbTr/XbTturxRgxIXx/Y+ASJBA=="
    },
    "chartjs-adapter-moment": {
      "version": "1.0.0",
      "resolved": "https://registry.npmjs.org/chartjs-adapter-moment/-/chartjs-adapter-moment-1.0.0.tgz",
      "integrity": "sha512-PqlerEvQcc5hZLQ/NQWgBxgVQ4TRdvkW3c/t+SUEQSj78ia3hgLkf2VZ2yGJtltNbEEFyYGm+cA6XXevodYvWA==",
      "requires": {}
    },
    "chartjs-chart-geo": {
      "version": "3.7.1",
      "resolved": "https://registry.npmjs.org/chartjs-chart-geo/-/chartjs-chart-geo-3.7.1.tgz",
      "integrity": "sha512-IRWRVJvOQ4ZjadvuC8oHAaRj3xAo4NBqtiTvf/JVf0/S2EV+QH+inHw/uwSq5nj8el1jtYM0enzZPzgFqgBvvA==",
      "requires": {
        "@types/d3-geo": "^3.0.2",
        "@types/d3-scale-chromatic": "^3.0.0",
        "@types/topojson-client": "^3.1.0",
        "d3-array": "^2.12.0",
        "d3-geo": "^2.0.1",
        "d3-scale-chromatic": "^2.0.0",
        "topojson-client": "^3.1.0"
      }
    },
    "commander": {
      "version": "2.20.3",
      "resolved": "https://registry.npmjs.org/commander/-/commander-2.20.3.tgz",
      "integrity": "sha512-GpVkmM8vF2vQUkj2LvZmD35JxeJOLCwJ9cUkugyk2nuhbv3+mJvpLYYt+0+USMxE+oj+ey/lJEnhZw75x/OMcQ=="
    },
    "d3-array": {
      "version": "2.12.1",
      "resolved": "https://registry.npmjs.org/d3-array/-/d3-array-2.12.1.tgz",
      "integrity": "sha512-B0ErZK/66mHtEsR1TkPEEkwdy+WDesimkM5gpZr5Dsg54BiTA5RXtYW5qTLIAcekaS9xfZrzBLF/OAkB3Qn1YQ==",
      "requires": {
        "internmap": "^1.0.0"
      }
    },
    "d3-color": {
      "version": "2.0.0",
      "resolved": "https://registry.npmjs.org/d3-color/-/d3-color-2.0.0.tgz",
      "integrity": "sha512-SPXi0TSKPD4g9tw0NMZFnR95XVgUZiBH+uUTqQuDu1OsE2zomHU7ho0FISciaPvosimixwHFl3WHLGabv6dDgQ=="
    },
    "d3-geo": {
      "version": "2.0.2",
      "resolved": "https://registry.npmjs.org/d3-geo/-/d3-geo-2.0.2.tgz",
      "integrity": "sha512-8pM1WGMLGFuhq9S+FpPURxic+gKzjluCD/CHTuUF3mXMeiCo0i6R0tO1s4+GArRFde96SLcW/kOFRjoAosPsFA==",
      "requires": {
        "d3-array": "^2.5.0"
      }
    },
    "d3-interpolate": {
      "version": "2.0.1",
      "resolved": "https://registry.npmjs.org/d3-interpolate/-/d3-interpolate-2.0.1.tgz",
      "integrity": "sha512-c5UhwwTs/yybcmTpAVqwSFl6vrQ8JZJoT5F7xNFK9pymv5C0Ymcc9/LIJHtYIggg/yS9YHw8i8O8tgb9pupjeQ==",
      "requires": {
        "d3-color": "1 - 2"
      }
    },
    "d3-scale-chromatic": {
      "version": "2.0.0",
      "resolved": "https://registry.npmjs.org/d3-scale-chromatic/-/d3-scale-chromatic-2.0.0.tgz",
      "integrity": "sha512-LLqy7dJSL8yDy7NRmf6xSlsFZ6zYvJ4BcWFE4zBrOPnQERv9zj24ohnXKRbyi9YHnYV+HN1oEO3iFK971/gkzA==",
      "requires": {
        "d3-color": "1 - 2",
        "d3-interpolate": "1 - 2"
      }
    },
    "gemini-datepicker": {
      "version": "1.0.16",
      "resolved": "https://registry.npmjs.org/gemini-datepicker/-/gemini-datepicker-1.0.16.tgz",
      "integrity": "sha1-hUb0odal6PKHRlnCpPGKrKRA7nk=",
      "requires": {
        "jquery": ">= 1.9.1"
      }
    },
    "internmap": {
      "version": "1.0.1",
      "resolved": "https://registry.npmjs.org/internmap/-/internmap-1.0.1.tgz",
      "integrity": "sha512-lDB5YccMydFBtasVtxnZ3MRBHuaoE8GKsppq+EchKL2U4nK/DmEpPHNH8MZe5HkMtpSiTSOZwfN0tzYjO/lJEw=="
    },
    "jquery": {
      "version": "3.6.0",
      "resolved": "https://registry.npmjs.org/jquery/-/jquery-3.6.0.tgz",
      "integrity": "sha512-JVzAR/AjBvVt2BmYhxRCSYysDsPcssdmTFnzyLEts9qNwmjmu4JTAMYubEfwVOSwpQ1I1sKKFcxhZCI2buerfw=="
    },
    "jquery-validation": {
      "version": "1.19.4",
      "resolved": "https://registry.npmjs.org/jquery-validation/-/jquery-validation-1.19.4.tgz",
      "integrity": "sha512-PcwKcATCR+JL77m9kkWd84NAHAunJP9iasF6IbMxUgl73xDAimxjt5oYFmYHDXBmTZM4rpkXxMNR/jGI5TlSjA==",
      "requires": {}
    },
    "leaflet": {
      "version": "1.8.0",
      "resolved": "https://registry.npmjs.org/leaflet/-/leaflet-1.8.0.tgz",
      "integrity": "sha512-gwhMjFCQiYs3x/Sf+d49f10ERXaEFCPr+nVTryhAW8DWbMGqJqt9G4XuIaHmFW08zYvhgdzqXGr8AlW8v8dQkA=="
    },
    "leaflet-geosearch": {
      "version": "3.6.0",
      "resolved": "https://registry.npmjs.org/leaflet-geosearch/-/leaflet-geosearch-3.6.0.tgz",
      "integrity": "sha512-TkJOi+eVbsQB7wC0ssGzV9eGQv5BgEwDyb0QOunYA64qe53lB+ostUemvQD7Cmari0shtgBr3Patn5galjr3WA==",
      "requires": {
        "leaflet": "^1.6.0"
      }
    },
    "leaflet.markercluster": {
      "version": "1.5.3",
      "resolved": "https://registry.npmjs.org/leaflet.markercluster/-/leaflet.markercluster-1.5.3.tgz",
      "integrity": "sha512-vPTw/Bndq7eQHjLBVlWpnGeLa3t+3zGiuM7fJwCkiMFq+nmRuG3RI3f7f4N4TDX7T4NpbAXpR2+NTRSEGfCSeA==",
      "requires": {}
    },
    "moment": {
      "version": "2.29.3",
      "resolved": "https://registry.npmjs.org/moment/-/moment-2.29.3.tgz",
      "integrity": "sha512-c6YRvhEo//6T2Jz/vVtYzqBzwvPT95JBQ+smCytzf7c50oMZRsR/a4w88aD34I+/QVSfnoAnSBFPJHItlOMJVw==",
      "peer": true
    },
    "select2": {
      "version": "4.1.0-rc.0",
      "resolved": "https://registry.npmjs.org/select2/-/select2-4.1.0-rc.0.tgz",
      "integrity": "sha512-Hr9TdhyHCZUtwznEH2CBf7967mEM0idtJ5nMtjvk3Up5tPukOLXbHUNmh10oRfeNIhj+3GD3niu+g6sVK+gK0A=="
    },
    "sweetalert2": {
      "version": "11.4.9",
      "resolved": "https://registry.npmjs.org/sweetalert2/-/sweetalert2-11.4.9.tgz",
      "integrity": "sha512-DAQGODShPfz9cwxDIUuXZuavlq1kOR2uypXa4DxG9YxlIbcCSlbm7BEnXwP/GK9+wI+whvj5iePEByq3RbIoNg=="
    },
    "topojson-client": {
      "version": "3.1.0",
      "resolved": "https://registry.npmjs.org/topojson-client/-/topojson-client-3.1.0.tgz",
      "integrity": "sha512-605uxS6bcYxGXw9qi62XyrV6Q3xwbndjachmNxu8HWTtVPxZfEJN9fd/SZS1Q54Sn2y0TMyMxFj/cJINqGHrKw==",
      "requires": {
        "commander": "2"
      }
    }
  }
}
